// !$*UTF8*$!
{
	archiveVersion = 1;
	classes = {
	};
	objectVersion = 46;
	objects = {

/* Begin PBXBuildFile section */
		FC42DFC91C99B90E0005EBA3 /* AppDelegate.swift in Sources */ = {isa = PBXBuildFile; fileRef = FC42DFC81C99B90E0005EBA3 /* AppDelegate.swift */; };
		FC42DFCB1C99B90E0005EBA3 /* ViewController.swift in Sources */ = {isa = PBXBuildFile; fileRef = FC42DFCA1C99B90E0005EBA3 /* ViewController.swift */; };
		FC42DFCE1C99B90E0005EBA3 /* Main.storyboard in Resources */ = {isa = PBXBuildFile; fileRef = FC42DFCC1C99B90E0005EBA3 /* Main.storyboard */; };
		FC42DFD01C99B90E0005EBA3 /* Assets.xcassets in Resources */ = {isa = PBXBuildFile; fileRef = FC42DFCF1C99B90E0005EBA3 /* Assets.xcassets */; };
		FC42DFD31C99B90E0005EBA3 /* LaunchScreen.storyboard in Resources */ = {isa = PBXBuildFile; fileRef = FC42DFD11C99B90E0005EBA3 /* LaunchScreen.storyboard */; };
/* End PBXBuildFile section */

/* Begin PBXFileReference section */
		FC42DFC51C99B90E0005EBA3 /* pokemondex.app */ = {isa = PBXFileReference; explicitFileType = wrapper.application; includeInIndex = 0; path = pokemondex.app; sourceTree = BUILT_PRODUCTS_DIR; };
		FC42DFC81C99B90E0005EBA3 /* AppDelegate.swift */ = {isa = PBXFileReference; lastKnownFileType = sourcecode.swift; path = AppDelegate.swift; sourceTree = "<group>"; };
		FC42DFCA1C99B90E0005EBA3 /* ViewController.swift */ = {isa = PBXFileReference; lastKnownFileType = sourcecode.swift; path = ViewController.swift; sourceTree = "<group>"; };
		FC42DFCD1C99B90E0005EBA3 /* Base */ = {isa = PBXFileReference; lastKnownFileType = file.storyboard; name = Base; path = Base.lproj/Main.storyboard; sourceTree = "<group>"; };
		FC42DFCF1C99B90E0005EBA3 /* Assets.xcassets */ = {isa = PBXFileReference; lastKnownFileType = folder.assetcatalog; path = Assets.xcassets; sourceTree = "<group>"; };
		FC42DFD21C99B90E0005EBA3 /* Base */ = {isa = PBXFileReference; lastKnownFileType = file.storyboard; name = Base; path = Base.lproj/LaunchScreen.storyboard; sourceTree = "<group>"; };
		FC42DFD41C99B90E0005EBA3 /* Info.plist */ = {isa = PBXFileReference; lastKnownFileType = text.plist.xml; path = Info.plist; sourceTree = "<group>"; };
/* End PBXFileReference section */

/* Begin PBXFrameworksBuildPhase section */
		FC42DFC21C99B90E0005EBA3 /* Frameworks */ = {
			isa = PBXFrameworksBuildPhase;
			buildActionMask = 2147483647;
			files = (
			);
			runOnlyForDeploymentPostprocessing = 0;
		};
/* End PBXFrameworksBuildPhase section */

/* Begin PBXGroup section */
		FC42DFBC1C99B90E0005EBA3 = {
			isa = PBXGroup;
			children = (
				FC42DFC71C99B90E0005EBA3 /* pokemondex */,
				FC42DFC61C99B90E0005EBA3 /* Products */,
			);
			sourceTree = "<group>";
		};
		FC42DFC61C99B90E0005EBA3 /* Products */ = {
			isa = PBXGroup;
			children = (
				FC42DFC51C99B90E0005EBA3 /* pokemondex.app */,
			);
			name = Products;
			sourceTree = "<group>";
		};
		FC42DFC71C99B90E0005EBA3 /* pokemondex */ = {
			isa = PBXGroup;
			children = (
				FC42DFC81C99B90E0005EBA3 /* AppDelegate.swift */,
				FC42DFCA1C99B90E0005EBA3 /* ViewController.swift */,
				FC42DFCC1C99B90E0005EBA3 /* Main.storyboard */,
				FC42DFCF1C99B90E0005EBA3 /* Assets.xcassets */,
				FC42DFD11C99B90E0005EBA3 /* LaunchScreen.storyboard */,
				FC42DFD41C99B90E0005EBA3 /* Info.plist */,
			);
			path = pokemondex;
			sourceTree = "<group>";
		};
/* End PBXGroup section */

/* Begin PBXNativeTarget section */
		FC42DFC41C99B90E0005EBA3 /* pokemondex */ = {
			isa = PBXNativeTarget;
			buildConfigurationList = FC42DFD71C99B90E0005EBA3 /* Build configuration list for PBXNativeTarget "pokemondex" */;
			buildPhases = (
				FC42DFC11C99B90E0005EBA3 /* Sources */,
				FC42DFC21C99B90E0005EBA3 /* Frameworks */,
				FC42DFC31C99B90E0005EBA3 /* Resources */,
			);
			buildRules = (
			);
			dependencies = (
			);
			name = pokemondex;
			productName = pokemondex;
			productReference = FC42DFC51C99B90E0005EBA3 /* pokemondex.app */;
			productType = "com.apple.product-type.application";
		};
/* End PBXNativeTarget section */

/* Begin PBXProject section */
		FC42DFBD1C99B90E0005EBA3 /* Project object */ = {
			isa = PBXProject;
			attributes = {
				LastSwiftUpdateCheck = 0720;
				LastUpgradeCheck = 0720;
				ORGANIZATIONNAME = "Epic 650";
				TargetAttributes = {
					FC42DFC41C99B90E0005EBA3 = {
						CreatedOnToolsVersion = 7.2.1;
					};
				};
			};
			buildConfigurationList = FC42DFC01C99B90E0005EBA3 /* Build configuration list for PBXProject "pokemondex" */;
			compatibilityVersion = "Xcode 3.2";
			developmentRegion = English;
			hasScannedForEncodings = 0;
			knownRegions = (
				en,
				Base,
			);
			mainGroup = FC42DFBC1C99B90E0005EBA3;
			productRefGroup = FC42DFC61C99B90E0005EBA3 /* Products */;
			projectDirPath = "";
			projectRoot = "";
			targets = (
				FC42DFC41C99B90E0005EBA3 /* pokemondex */,
			);
		};
/* End PBXProject section */

/* Begin PBXResourcesBuildPhase section */
		FC42DFC31C99B90E0005EBA3 /* Resources */ = {
			isa = PBXResourcesBuildPhase;
			buildActionMask = 2147483647;
			files = (
				FC42DFD31C99B90E0005EBA3 /* LaunchScreen.storyboard in Resources */,
				FC42DFD01C99B90E0005EBA3 /* Assets.xcassets in Resources */,
				FC42DFCE1C99B90E0005EBA3 /* Main.storyboard in Resources */,
			);
			runOnlyForDeploymentPostprocessing = 0;
		};
/* End PBXResourcesBuildPhase section */

/* Begin PBXSourcesBuildPhase section */
		FC42DFC11C99B90E0005EBA3 /* Sources */ = {
			isa = PBXSourcesBuildPhase;
			buildActionMask = 2147483647;
			files = (
				FC42DFCB1C99B90E0005EBA3 /* ViewController.swift in Sources */,
				FC42DFC91C99B90E0005EBA3 /* AppDelegate.swift in Sources */,
			);
			runOnlyForDeploymentPostprocessing = 0;
		};
/* End PBXSourcesBuildPhase section */

/* Begin PBXVariantGroup section */
		FC42DFCC1C99B90E0005EBA3 /* Main.storyboard */ = {
			isa = PBXVariantGroup;
			children = (
				FC42DFCD1C99B90E0005EBA3 /* Base */,
			);
			name = Main.storyboard;
			sourceTree = "<group>";
		};
		FC42DFD11C99B90E0005EBA3 /* LaunchScreen.storyboard */ = {
			isa = PBXVariantGroup;
			children = (
				FC42DFD21C99B90E0005EBA3 /* Base */,
			);
			name = LaunchScreen.storyboard;
			sourceTree = "<group>";
		};
/* End PBXVariantGroup section */

/* Begin XCBuildConfiguration section */
		FC42DFD51C99B90E0005EBA3 /* Debug */ = {
			isa = XCBuildConfiguration;
			buildSettings = {
				ALWAYS_SEARCH_USER_PATHS = NO;
				CLANG_CXX_LANGUAGE_STANDARD = "gnu++0x";
				CLANG_CXX_LIBRARY = "libc++";
				CLANG_ENABLE_MODULES = YES;
				CLANG_ENABLE_OBJC_ARC = YES;
				CLANG_WARN_BOOL_CONVERSION = YES;
				CLANG_WARN_CONSTANT_CONVERSION = YES;
				CLANG_WARN_DIRECT_OBJC_ISA_USAGE = YES_ERROR;
				CLANG_WARN_EMPTY_BODY = YES;
				CLANG_WARN_ENUM_CONVERSION = YES;
				CLANG_WARN_INT_CONVERSION = YES;
				CLANG_WARN_OBJC_ROOT_CLASS = YES_ERROR;
				CLANG_WARN_UNREACHABLE_CODE = YES;
				CLANG_WARN__DUPLICATE_METHOD_MATCH = YES;
				"CODE_SIGN_IDENTITY[sdk=iphoneos*]" = "iPhone Developer";
				COPY_PHASE_STRIP = NO;
				DEBUG_INFORMATION_FORMAT = dwarf;
				ENABLE_STRICT_OBJC_MSGSEND = YES;
				ENABLE_TESTABILITY = YES;
				GCC_C_LANGUAGE_STANDARD = gnu99;
				GCC_DYNAMIC_NO_PIC = NO;
				GCC_NO_COMMON_BLOCKS = YES;
				GCC_OPTIMIZATION_LEVEL = 0;
				GCC_PREPROCESSOR_DEFINITIONS = (
					"DEBUG=1",
					"$(inherited)",
				);
				GCC_WARN_64_TO_32_BIT_CONVERSION = YES;
				GCC_WARN_ABOUT_RETURN_TYPE = YES_ERROR;
				GCC_WARN_UNDECLARED_SELECTOR = YES;
				GCC_WARN_UNINITIALIZED_AUTOS = YES_AGGRESSIVE;
				GCC_WARN_UNUSED_FUNCTION = YES;
				GCC_WARN_UNUSED_VARIABLE = YES;
				IPHONEOS_DEPLOYMENT_TARGET = 9.2;
				MTL_ENABLE_DEBUG_INFO = YES;
				ONLY_ACTIVE_ARCH = YES;
				SDKROOT = iphoneos;
				SWIFT_OPTIMIZATION_LEVEL = "-Onone";
				TARGETED_DEVICE_FAMILY = "1,2";
			};
			name = Debug;
		};
		FC42DFD61C99B90E0005EBA3 /* Release */ = {
			isa = XCBuildConfiguration;
			buildSettings = {
				ALWAYS_SEARCH_USER_PATHS = NO;
				CLANG_CXX_LANGUAGE_STANDARD = "gnu++0x";
				CLANG_CXX_LIBRARY = "libc++";
				CLANG_ENABLE_MODULES = YES;
				CLANG_ENABLE_OBJC_ARC = YES;
				CLANG_WARN_BOOL_CONVERSION = YES;
				CLANG_WARN_CONSTANT_CONVERSION = YES;
				CLANG_WARN_DIRECT_OBJC_ISA_USAGE = YES_ERROR;
				CLANG_WARN_EMPTY_BODY = YES;
				CLANG_WARN_ENUM_CONVERSION = YES;
				CLANG_WARN_INT_CONVERSION = YES;
				CLANG_WARN_OBJC_ROOT_CLASS = YES_ERROR;
				CLANG_WARN_UNREACHABLE_CODE = YES;
				CLANG_WARN__DUPLICATE_METHOD_MATCH = YES;
				"CODE_SIGN_IDENTITY[sdk=iphoneos*]" = "iPhone Developer";
				COPY_PHASE_STRIP = NO;
				DEBUG_INFORMATION_FORMAT = "dwarf-with-dsym";
				ENABLE_NS_ASSERTIONS = NO;
				ENABLE_STRICT_OBJC_MSGSEND = YES;
				GCC_C_LANGUAGE_STANDARD = gnu99;
				GCC_NO_COMMON_BLOCKS = YES;
				GCC_WARN_64_TO_32_BIT_CONVERSION = YES;
				GCC_WARN_ABOUT_RETURN_TYPE = YES_ERROR;
				GCC_WARN_UNDECLARED_SELECTOR = YES;
				GCC_WARN_UNINITIALIZED_AUTOS = YES_AGGRESSIVE;
				GCC_WARN_UNUSED_FUNCTION = YES;
				GCC_WARN_UNUSED_VARIABLE = YES;
				IPHONEOS_DEPLOYMENT_TARGET = 9.2;
				MTL_ENABLE_DEBUG_INFO = NO;
				SDKROOT = iphoneos;
				TARGETED_DEVICE_FAMILY = "1,2";
				VALIDATE_PRODUCT = YES;
			};
			name = Release;
		};
		FC42DFD81C99B90E0005EBA3 /* Debug */ = {
			isa = XCBuildConfiguration;
			buildSettings = {
				ASSETCATALOG_COMPILER_APPICON_NAME = AppIcon;
				INFOPLIST_FILE = pokemondex/Info.plist;
				LD_RUNPATH_SEARCH_PATHS = "$(inherited) @executable_path/Frameworks";
				PRODUCT_BUNDLE_IDENTIFIER = com.epic650.pokemondex;
				PRODUCT_NAME = "$(TARGET_NAME)";
			};
			name = Debug;
		};
		FC42DFD91C99B90E0005EBA3 /* Release */ = {
			isa = XCBuildConfiguration;
			buildSettings = {
				ASSETCATALOG_COMPILER_APPICON_NAME = AppIcon;
				INFOPLIST_FILE = pokemondex/Info.plist;
				LD_RUNPATH_SEARCH_PATHS = "$(inherited) @executable_path/Frameworks";
				PRODUCT_BUNDLE_IDENTIFIER = com.epic650.pokemondex;
				PRODUCT_NAME = "$(TARGET_NAME)";
			};
			name = Release;
		};
/* End XCBuildConfiguration section */

/* Begin XCConfigurationList section */
		FC42DFC01C99B90E0005EBA3 /* Build configuration list for PBXProject "pokemondex" */ = {
			isa = XCConfigurationList;
			buildConfigurations = (
				FC42DFD51C99B90E0005EBA3 /* Debug */,
				FC42DFD61C99B90E0005EBA3 /* Release */,
			);
			defaultConfigurationIsVisible = 0;
			defaultConfigurationName = Release;
		};
		FC42DFD71C99B90E0005EBA3 /* Build configuration list for PBXNativeTarget "pokemondex" */ = {
			isa = XCConfigurationList;
			buildConfigurations = (
				FC42DFD81C99B90E0005EBA3 /* Debug */,
				FC42DFD91C99B90E0005EBA3 /* Release */,
			);
			defaultConfigurationIsVisible = 0;
		};
/* End XCConfigurationList section */
	};
	rootObject = FC42DFBD1C99B90E0005EBA3 /* Project object */;
}
